
Microsoft Visual Studio Solution File, Format Version 12.00
Project("{FAE04EC0-301F-11D3-BF4B-00C04F79EFBC}") = "Examples", "Examples\Examples.csproj", "{79C7023C-593B-4CED-929E-8C3C7C2F84CF}"
EndProject
Global
	GlobalSection(SolutionConfigurationPlatforms) = preSolution
		Debug|Any CPU = Debug|Any CPU
		Release|Any CPU = Release|Any CPU
	EndGlobalSection
	GlobalSection(ProjectConfigurationPlatforms) = postSolution
		{79C7023C-593B-4CED-929E-8C3C7C2F84CF}.Debug|Any CPU.ActiveCfg = Debug|Any CPU
		{79C7023C-593B-4CED-929E-8C3C7C2F84CF}.Debug|Any CPU.Build.0 = Debug|Any CPU
		{79C7023C-593B-4CED-929E-8C3C7C2F84CF}.Release|Any CPU.ActiveCfg = Release|Any CPU
		{79C7023C-593B-4CED-929E-8C3C7C2F84CF}.Release|Any CPU.Build.0 = Release|Any CPU
	EndGlobalSection
EndGlobal
